
Microsoft Visual Studio Solution File, Format Version 12.00
# Visual Studio Version 16
VisualStudioVersion = 16.0.30717.126
MinimumVisualStudioVersion = 10.0.40219.1
Project("{FAE04EC0-301F-11D3-BF4B-00C04F79EFBC}") = "Consumer", "Consumer.csproj", "{4328009E-5A78-47E4-8051-DA2A6E0B341C}"
EndProject
Global
	GlobalSection(SolutionConfigurationPlatforms) = preSolution
		Debug|Any CPU = Debug|Any CPU
		Release|Any CPU = Release|Any CPU
	EndGlobalSection
	GlobalSection(ProjectConfigurationPlatforms) = postSolution
		{4328009E-5A78-47E4-8051-DA2A6E0B341C}.Debug|Any CPU.ActiveCfg = Debug|Any CPU
		{4328009E-5A78-47E4-8051-DA2A6E0B341C}.Debug|Any CPU.Build.0 = Debug|Any CPU
		{4328009E-5A78-47E4-8051-DA2A6E0B341C}.Release|Any CPU.ActiveCfg = Release|Any CPU
		{4328009E-5A78-47E4-8051-DA2A6E0B341C}.Release|Any CPU.Build.0 = Release|Any CPU
	EndGlobalSection
	GlobalSection(SolutionProperties) = preSolution
		HideSolutionNode = FALSE
	EndGlobalSection
	GlobalSection(ExtensibilityGlobals) = postSolution
		SolutionGuid = {4E8EC069-BE06-4450-814C-4D4B494B60C6}
	EndGlobalSection
EndGlobal
